
Microsoft Visual Studio Solution File, Format Version 12.00
# Visual Studio Version 17
VisualStudioVersion = 17.11.35222.181
MinimumVisualStudioVersion = 10.0.40219.1
Project("{FAE04EC0-301F-11D3-BF4B-00C04F79EFBC}") = "JokesWebApp", "JokesWebApp.csproj", "{57C2EB21-4378-4BD8-AC31-C4930BE40130}"
EndProject
Global
	GlobalSection(SolutionConfigurationPlatforms) = preSolution
		Debug|Any CPU = Debug|Any CPU
		Release|Any CPU = Release|Any CPU
	EndGlobalSection
	GlobalSection(ProjectConfigurationPlatforms) = postSolution
		{57C2EB21-4378-4BD8-AC31-C4930BE40130}.Debug|Any CPU.ActiveCfg = Debug|Any CPU
		{57C2EB21-4378-4BD8-AC31-C4930BE40130}.Debug|Any CPU.Build.0 = Debug|Any CPU
		{57C2EB21-4378-4BD8-AC31-C4930BE40130}.Release|Any CPU.ActiveCfg = Release|Any CPU
		{57C2EB21-4378-4BD8-AC31-C4930BE40130}.Release|Any CPU.Build.0 = Release|Any CPU
	EndGlobalSection
	GlobalSection(SolutionProperties) = preSolution
		HideSolutionNode = FALSE
	EndGlobalSection
	GlobalSection(ExtensibilityGlobals) = postSolution
		SolutionGuid = {4D6A4938-DDD3-44FA-BBFE-3DBA499BA86E}
	EndGlobalSection
EndGlobal
